
Microsoft Visual Studio Solution File, Format Version 12.00
# Visual Studio 15
VisualStudioVersion = 15.0.28307.1433
MinimumVisualStudioVersion = 10.0.40219.1
Project("{FAE04EC0-301F-11D3-BF4B-00C04F79EFBC}") = "WebServiceDemo", "WebServiceDemo\WebServiceDemo.csproj", "{8072ACBF-2A1D-441C-A821-2941515FFE23}"
EndProject
Project("{FAE04EC0-301F-11D3-BF4B-00C04F79EFBC}") = "WebServiceConsumer", "WebServiceConsumer\WebServiceConsumer.csproj", "{357BF3D5-7742-4D85-86AB-27EDD25B54F1}"
	ProjectSection(ProjectDependencies) = postProject
		{8072ACBF-2A1D-441C-A821-2941515FFE23} = {8072ACBF-2A1D-441C-A821-2941515FFE23}
	EndProjectSection
EndProject
Project("{00D1A9C2-B5F0-4AF3-8072-F6C62B433612}") = "DataBase", "DataBaseLayer\DataBase.sqlproj", "{3A6F8420-38D3-4E65-996D-35D5A35664B7}"
EndProject
Project("{FAE04EC0-301F-11D3-BF4B-00C04F79EFBC}") = "DataAccess.lib", "DataAccess.lib\DataAccess.lib.csproj", "{88ED01C6-6F34-4A3D-83F0-9531D2C3F174}"
EndProject
Global
	GlobalSection(SolutionConfigurationPlatforms) = preSolution
		Debug|Any CPU = Debug|Any CPU
		Release|Any CPU = Release|Any CPU
	EndGlobalSection
	GlobalSection(ProjectConfigurationPlatforms) = postSolution
		{8072ACBF-2A1D-441C-A821-2941515FFE23}.Debug|Any CPU.ActiveCfg = Debug|Any CPU
		{8072ACBF-2A1D-441C-A821-2941515FFE23}.Debug|Any CPU.Build.0 = Debug|Any CPU
		{8072ACBF-2A1D-441C-A821-2941515FFE23}.Release|Any CPU.ActiveCfg = Release|Any CPU
		{8072ACBF-2A1D-441C-A821-2941515FFE23}.Release|Any CPU.Build.0 = Release|Any CPU
		{357BF3D5-7742-4D85-86AB-27EDD25B54F1}.Debug|Any CPU.ActiveCfg = Debug|Any CPU
		{357BF3D5-7742-4D85-86AB-27EDD25B54F1}.Debug|Any CPU.Build.0 = Debug|Any CPU
		{357BF3D5-7742-4D85-86AB-27EDD25B54F1}.Release|Any CPU.ActiveCfg = Release|Any CPU
		{357BF3D5-7742-4D85-86AB-27EDD25B54F1}.Release|Any CPU.Build.0 = Release|Any CPU
		{3A6F8420-38D3-4E65-996D-35D5A35664B7}.Debug|Any CPU.ActiveCfg = Debug|Any CPU
		{3A6F8420-38D3-4E65-996D-35D5A35664B7}.Debug|Any CPU.Build.0 = Debug|Any CPU
		{3A6F8420-38D3-4E65-996D-35D5A35664B7}.Debug|Any CPU.Deploy.0 = Debug|Any CPU
		{3A6F8420-38D3-4E65-996D-35D5A35664B7}.Release|Any CPU.ActiveCfg = Release|Any CPU
		{3A6F8420-38D3-4E65-996D-35D5A35664B7}.Release|Any CPU.Build.0 = Release|Any CPU
		{3A6F8420-38D3-4E65-996D-35D5A35664B7}.Release|Any CPU.Deploy.0 = Release|Any CPU
		{88ED01C6-6F34-4A3D-83F0-9531D2C3F174}.Debug|Any CPU.ActiveCfg = Debug|Any CPU
		{88ED01C6-6F34-4A3D-83F0-9531D2C3F174}.Debug|Any CPU.Build.0 = Debug|Any CPU
		{88ED01C6-6F34-4A3D-83F0-9531D2C3F174}.Release|Any CPU.ActiveCfg = Release|Any CPU
		{88ED01C6-6F34-4A3D-83F0-9531D2C3F174}.Release|Any CPU.Build.0 = Release|Any CPU
	EndGlobalSection
	GlobalSection(SolutionProperties) = preSolution
		HideSolutionNode = FALSE
	EndGlobalSection
	GlobalSection(ExtensibilityGlobals) = postSolution
		SolutionGuid = {E62E688D-9F29-4EDC-89B3-F71AC438C2A2}
	EndGlobalSection
EndGlobal
